
Microsoft Visual Studio Solution File, Format Version 12.00
# Visual Studio Version 16
VisualStudioVersion = 16.0.32126.315
MinimumVisualStudioVersion = 10.0.40219.1
Project("{9A19103F-16F7-4668-BE54-9A1E7A4F7556}") = "CompanyEmployees.IDP", "CompanyEmployees.IDP.csproj", "{538D45BA-F901-4DCC-ACA6-9948EBAF913C}"
EndProject
Project("{9A19103F-16F7-4668-BE54-9A1E7A4F7556}") = "EmailService", "..\..\..\Desktop\c#\books\Code Maze\Bonus 6 - Security\10-Reset Password\EmailService\EmailService.csproj", "{403BE623-5272-4BC8-B3E0-B9A8225C1158}"
EndProject
Global
	GlobalSection(SolutionConfigurationPlatforms) = preSolution
		Debug|Any CPU = Debug|Any CPU
		Release|Any CPU = Release|Any CPU
	EndGlobalSection
	GlobalSection(ProjectConfigurationPlatforms) = postSolution
		{538D45BA-F901-4DCC-ACA6-9948EBAF913C}.Debug|Any CPU.ActiveCfg = Debug|Any CPU
		{538D45BA-F901-4DCC-ACA6-9948EBAF913C}.Debug|Any CPU.Build.0 = Debug|Any CPU
		{538D45BA-F901-4DCC-ACA6-9948EBAF913C}.Release|Any CPU.ActiveCfg = Release|Any CPU
		{538D45BA-F901-4DCC-ACA6-9948EBAF913C}.Release|Any CPU.Build.0 = Release|Any CPU
		{403BE623-5272-4BC8-B3E0-B9A8225C1158}.Debug|Any CPU.ActiveCfg = Debug|Any CPU
		{403BE623-5272-4BC8-B3E0-B9A8225C1158}.Debug|Any CPU.Build.0 = Debug|Any CPU
		{403BE623-5272-4BC8-B3E0-B9A8225C1158}.Release|Any CPU.ActiveCfg = Release|Any CPU
		{403BE623-5272-4BC8-B3E0-B9A8225C1158}.Release|Any CPU.Build.0 = Release|Any CPU
	EndGlobalSection
	GlobalSection(SolutionProperties) = preSolution
		HideSolutionNode = FALSE
	EndGlobalSection
	GlobalSection(ExtensibilityGlobals) = postSolution
		SolutionGuid = {239ACAC8-9831-449C-AE3A-C50C3C9C40A6}
	EndGlobalSection
EndGlobal
